schema: '2.0'
stages:
  data_ingestion:
    cmd: python src/data_ingestion.py
    deps:
    - path: src/data_ingestion.py
      hash: md5
      md5: ea745a80730b2c53ee2bb4d632b50689
      size: 3465
    params:
      params.yaml:
        data_ingestion.test_size: 0.18
    outs:
    - path: data/raw
      hash: md5
      md5: 559ae6a6545db557c5378bbdd5246e96.dir
      size: 479272
      nfiles: 2
  data_preprocessing:
    cmd: python src/data_preprocessing.py
    deps:
    - path: data/raw
      hash: md5
      md5: 559ae6a6545db557c5378bbdd5246e96.dir
      size: 479272
      nfiles: 2
    - path: src/data_preprocessing.py
      hash: md5
      md5: 4a0755cfab79e179a31c8ba8d7f63c45
      size: 3532
    outs:
    - path: data/interim
      hash: md5
      md5: 5583b02cb170b80e77a0c3d8085e0cba.dir
      size: 254506
      nfiles: 2
  feature_engineering:
    cmd: python src/feature_engineering.py
    deps:
    - path: data/interim
      hash: md5
      md5: 5583b02cb170b80e77a0c3d8085e0cba.dir
      size: 254506
      nfiles: 2
    - path: src/feature_engineering.py
      hash: md5
      md5: 51a945cca64a01c2d7ca23be69363cfc
      size: 3814
    params:
      params.yaml:
        feature_engineering.max_features: 10
    outs:
    - path: data/processed
      hash: md5
      md5: 6cd588b23360957e0134089a8ba42192.dir
      size: 241368
      nfiles: 2
  model_building:
    cmd: python src/model_building.py
    deps:
    - path: data/processed
      hash: md5
      md5: 6cd588b23360957e0134089a8ba42192.dir
      size: 241368
      nfiles: 2
    - path: src/model_building.py
      hash: md5
      md5: 2f4867cf260fe5cdbc8caa957457374c
      size: 4003
    params:
      params.yaml:
        model_building.n_estimators: 50
        model_building.random_state: 42
    outs:
    - path: models/model.pkl
      hash: md5
      md5: 48b5d616e107fef04e207984f0617107
      size: 402990
  model_evaluation:
    cmd: python src/model_evaluation.py
    deps:
    - path: models/model.pkl
      hash: md5
      md5: 48b5d616e107fef04e207984f0617107
      size: 402990
    - path: src/model_evaluation.py
      hash: md5
      md5: d97c2790ae52b42e4abfa3d98f1dd74c
      size: 4452
    outs:
    - path: reports/metrics.json
      hash: md5
      md5: 7bdccfb7cef4ba73c5edbdd98b3a38c7
      size: 139
